
Microsoft Visual Studio Solution File, Format Version 12.00
# Visual Studio Version 16
VisualStudioVersion = 16.0.30011.22
MinimumVisualStudioVersion = 10.0.40219.1
Project("{FAE04EC0-301F-11D3-BF4B-00C04F79EFBC}") = "Lett.DevKit.Common", "Common\Lett.DevKit.Common\Lett.DevKit.Common.csproj", "{34E7B604-B41C-4B91-AF71-207FDC627236}"
EndProject
Project("{FAE04EC0-301F-11D3-BF4B-00C04F79EFBC}") = "Lett.DevKit.Common.Test", "Common\Lett.DevKit.Common.Test\Lett.DevKit.Common.Test.csproj", "{0A049A61-1BB9-4B20-AAD5-3184BBA3D389}"
EndProject
Project("{2150E333-8FDC-42A3-9474-1A3956D46DE8}") = "Common", "Common", "{C0DED8A4-4106-4B7E-B439-EE9677A79CF3}"
EndProject
Global
	GlobalSection(SolutionConfigurationPlatforms) = preSolution
		Debug|Any CPU = Debug|Any CPU
		Release|Any CPU = Release|Any CPU
	EndGlobalSection
	GlobalSection(ProjectConfigurationPlatforms) = postSolution
		{34E7B604-B41C-4B91-AF71-207FDC627236}.Debug|Any CPU.ActiveCfg = Debug|Any CPU
		{34E7B604-B41C-4B91-AF71-207FDC627236}.Debug|Any CPU.Build.0 = Debug|Any CPU
		{34E7B604-B41C-4B91-AF71-207FDC627236}.Release|Any CPU.ActiveCfg = Release|Any CPU
		{34E7B604-B41C-4B91-AF71-207FDC627236}.Release|Any CPU.Build.0 = Release|Any CPU
		{0A049A61-1BB9-4B20-AAD5-3184BBA3D389}.Debug|Any CPU.ActiveCfg = Debug|Any CPU
		{0A049A61-1BB9-4B20-AAD5-3184BBA3D389}.Debug|Any CPU.Build.0 = Debug|Any CPU
		{0A049A61-1BB9-4B20-AAD5-3184BBA3D389}.Release|Any CPU.ActiveCfg = Release|Any CPU
		{0A049A61-1BB9-4B20-AAD5-3184BBA3D389}.Release|Any CPU.Build.0 = Release|Any CPU
	EndGlobalSection
	GlobalSection(SolutionProperties) = preSolution
		HideSolutionNode = FALSE
	EndGlobalSection
	GlobalSection(NestedProjects) = preSolution
		{34E7B604-B41C-4B91-AF71-207FDC627236} = {C0DED8A4-4106-4B7E-B439-EE9677A79CF3}
		{0A049A61-1BB9-4B20-AAD5-3184BBA3D389} = {C0DED8A4-4106-4B7E-B439-EE9677A79CF3}
	EndGlobalSection
	GlobalSection(ExtensibilityGlobals) = postSolution
		SolutionGuid = {DA7154B6-CCD8-4CCA-B39D-9137BB1421BD}
	EndGlobalSection
EndGlobal
