
Microsoft Visual Studio Solution File, Format Version 12.00
# Visual Studio Version 16
VisualStudioVersion = 16.0.30011.22
MinimumVisualStudioVersion = 10.0.40219.1
Project("{9A19103F-16F7-4668-BE54-9A1E7A4F7556}") = "Lett.DevKit.Common", "Lett.DevKit.Common\Lett.DevKit.Common.csproj", "{839B3061-D927-4BEB-AE32-531C7BBFE433}"
EndProject
Project("{9A19103F-16F7-4668-BE54-9A1E7A4F7556}") = "Lett.DevKit.Common.Test", "Lett.DevKit.Common.Test\Lett.DevKit.Common.Test.csproj", "{6D6DBBB6-0BDD-4172-A7C9-1BDCE845B54A}"
EndProject
Global
	GlobalSection(SolutionConfigurationPlatforms) = preSolution
		Debug|Any CPU = Debug|Any CPU
		Release|Any CPU = Release|Any CPU
	EndGlobalSection
	GlobalSection(ProjectConfigurationPlatforms) = postSolution
		{839B3061-D927-4BEB-AE32-531C7BBFE433}.Debug|Any CPU.ActiveCfg = Debug|Any CPU
		{839B3061-D927-4BEB-AE32-531C7BBFE433}.Debug|Any CPU.Build.0 = Debug|Any CPU
		{839B3061-D927-4BEB-AE32-531C7BBFE433}.Release|Any CPU.ActiveCfg = Release|Any CPU
		{839B3061-D927-4BEB-AE32-531C7BBFE433}.Release|Any CPU.Build.0 = Release|Any CPU
		{6D6DBBB6-0BDD-4172-A7C9-1BDCE845B54A}.Debug|Any CPU.ActiveCfg = Debug|Any CPU
		{6D6DBBB6-0BDD-4172-A7C9-1BDCE845B54A}.Debug|Any CPU.Build.0 = Debug|Any CPU
		{6D6DBBB6-0BDD-4172-A7C9-1BDCE845B54A}.Release|Any CPU.ActiveCfg = Release|Any CPU
		{6D6DBBB6-0BDD-4172-A7C9-1BDCE845B54A}.Release|Any CPU.Build.0 = Release|Any CPU
	EndGlobalSection
	GlobalSection(SolutionProperties) = preSolution
		HideSolutionNode = FALSE
	EndGlobalSection
	GlobalSection(ExtensibilityGlobals) = postSolution
		SolutionGuid = {BA8F2415-C5C7-456C-85B1-981715F7086C}
	EndGlobalSection
EndGlobal
